// !$*UTF8*$!
{
	archiveVersion = 1;
	classes = {
	};
	objectVersion = 56;
	objects = {

/* Begin PBXBuildFile section */
		0845C7482B8FF29E004290A6 /* ProductModel.swift in Sources */ = {isa = PBXBuildFile; fileRef = 0845C7472B8FF29E004290A6 /* ProductModel.swift */; };
		0845C74B2B9021CA004290A6 /* ProductViewModel.swift in Sources */ = {isa = PBXBuildFile; fileRef = 0845C74A2B9021CA004290A6 /* ProductViewModel.swift */; };
		087F71FF2B91EE01008F671F /* ProductCellView.swift in Sources */ = {isa = PBXBuildFile; fileRef = 087F71FE2B91EE01008F671F /* ProductCellView.swift */; };
		087F72012B91F748008F671F /* AddToCartButtonView.swift in Sources */ = {isa = PBXBuildFile; fileRef = 087F72002B91F748008F671F /* AddToCartButtonView.swift */; };
		08B162922B8E853800EAC204 /* GridProductsApp.swift in Sources */ = {isa = PBXBuildFile; fileRef = 08B162912B8E853800EAC204 /* GridProductsApp.swift */; };
		08B162942B8E853800EAC204 /* ProductView.swift in Sources */ = {isa = PBXBuildFile; fileRef = 08B162932B8E853800EAC204 /* ProductView.swift */; };
		08B162962B8E854000EAC204 /* Assets.xcassets in Resources */ = {isa = PBXBuildFile; fileRef = 08B162952B8E854000EAC204 /* Assets.xcassets */; };
		08B162992B8E854000EAC204 /* Preview Assets.xcassets in Resources */ = {isa = PBXBuildFile; fileRef = 08B162982B8E854000EAC204 /* Preview Assets.xcassets */; };
		08BEEE542B91746C00176A31 /* CartView.swift in Sources */ = {isa = PBXBuildFile; fileRef = 08BEEE532B91746C00176A31 /* CartView.swift */; };
/* End PBXBuildFile section */

/* Begin PBXFileReference section */
		0845C7472B8FF29E004290A6 /* ProductModel.swift */ = {isa = PBXFileReference; lastKnownFileType = sourcecode.swift; path = ProductModel.swift; sourceTree = "<group>"; };
		0845C74A2B9021CA004290A6 /* ProductViewModel.swift */ = {isa = PBXFileReference; lastKnownFileType = sourcecode.swift; path = ProductViewModel.swift; sourceTree = "<group>"; };
		087F71FE2B91EE01008F671F /* ProductCellView.swift */ = {isa = PBXFileReference; lastKnownFileType = sourcecode.swift; path = ProductCellView.swift; sourceTree = "<group>"; };
		087F72002B91F748008F671F /* AddToCartButtonView.swift */ = {isa = PBXFileReference; lastKnownFileType = sourcecode.swift; path = AddToCartButtonView.swift; sourceTree = "<group>"; };
		08B1628E2B8E853800EAC204 /* GridProducts.app */ = {isa = PBXFileReference; explicitFileType = wrapper.application; includeInIndex = 0; path = GridProducts.app; sourceTree = BUILT_PRODUCTS_DIR; };
		08B162912B8E853800EAC204 /* GridProductsApp.swift */ = {isa = PBXFileReference; lastKnownFileType = sourcecode.swift; path = GridProductsApp.swift; sourceTree = "<group>"; };
		08B162932B8E853800EAC204 /* ProductView.swift */ = {isa = PBXFileReference; lastKnownFileType = sourcecode.swift; path = ProductView.swift; sourceTree = "<group>"; };
		08B162952B8E854000EAC204 /* Assets.xcassets */ = {isa = PBXFileReference; lastKnownFileType = folder.assetcatalog; path = Assets.xcassets; sourceTree = "<group>"; };
		08B162982B8E854000EAC204 /* Preview Assets.xcassets */ = {isa = PBXFileReference; lastKnownFileType = folder.assetcatalog; path = "Preview Assets.xcassets"; sourceTree = "<group>"; };
		08BEEE532B91746C00176A31 /* CartView.swift */ = {isa = PBXFileReference; lastKnownFileType = sourcecode.swift; path = CartView.swift; sourceTree = "<group>"; };
/* End PBXFileReference section */

/* Begin PBXFrameworksBuildPhase section */
		08B1628B2B8E853800EAC204 /* Frameworks */ = {
			isa = PBXFrameworksBuildPhase;
			buildActionMask = 2147483647;
			files = (
			);
			runOnlyForDeploymentPostprocessing = 0;
		};
/* End PBXFrameworksBuildPhase section */

/* Begin PBXGroup section */
		0845C7462B8FF266004290A6 /* View */ = {
			isa = PBXGroup;
			children = (
				087F71FE2B91EE01008F671F /* ProductCellView.swift */,
				08BEEE532B91746C00176A31 /* CartView.swift */,
				08B162932B8E853800EAC204 /* ProductView.swift */,
				087F72002B91F748008F671F /* AddToCartButtonView.swift */,
			);
			path = View;
			sourceTree = "<group>";
		};
		0845C7492B8FF2A9004290A6 /* Model */ = {
			isa = PBXGroup;
			children = (
				0845C7472B8FF29E004290A6 /* ProductModel.swift */,
			);
			path = Model;
			sourceTree = "<group>";
		};
		0845C74C2B9021DA004290A6 /* ViewModel */ = {
			isa = PBXGroup;
			children = (
				0845C74A2B9021CA004290A6 /* ProductViewModel.swift */,
			);
			path = ViewModel;
			sourceTree = "<group>";
		};
		08B162852B8E853800EAC204 = {
			isa = PBXGroup;
			children = (
				08B162902B8E853800EAC204 /* GridProducts */,
				08B1628F2B8E853800EAC204 /* Products */,
			);
			sourceTree = "<group>";
		};
		08B1628F2B8E853800EAC204 /* Products */ = {
			isa = PBXGroup;
			children = (
				08B1628E2B8E853800EAC204 /* GridProducts.app */,
			);
			name = Products;
			sourceTree = "<group>";
		};
		08B162902B8E853800EAC204 /* GridProducts */ = {
			isa = PBXGroup;
			children = (
				08B162912B8E853800EAC204 /* GridProductsApp.swift */,
				08B162952B8E854000EAC204 /* Assets.xcassets */,
				0845C74C2B9021DA004290A6 /* ViewModel */,
				0845C7462B8FF266004290A6 /* View */,
				0845C7492B8FF2A9004290A6 /* Model */,
				08B162972B8E854000EAC204 /* Preview Content */,
			);
			path = GridProducts;
			sourceTree = "<group>";
		};
		08B162972B8E854000EAC204 /* Preview Content */ = {
			isa = PBXGroup;
			children = (
				08B162982B8E854000EAC204 /* Preview Assets.xcassets */,
			);
			path = "Preview Content";
			sourceTree = "<group>";
		};
/* End PBXGroup section */

/* Begin PBXNativeTarget section */
		08B1628D2B8E853800EAC204 /* GridProducts */ = {
			isa = PBXNativeTarget;
			buildConfigurationList = 08B1629C2B8E854000EAC204 /* Build configuration list for PBXNativeTarget "GridProducts" */;
			buildPhases = (
				08B1628A2B8E853800EAC204 /* Sources */,
				08B1628B2B8E853800EAC204 /* Frameworks */,
				08B1628C2B8E853800EAC204 /* Resources */,
			);
			buildRules = (
			);
			dependencies = (
			);
			name = GridProducts;
			productName = GridProducts;
			productReference = 08B1628E2B8E853800EAC204 /* GridProducts.app */;
			productType = "com.apple.product-type.application";
		};
/* End PBXNativeTarget section */

/* Begin PBXProject section */
		08B162862B8E853800EAC204 /* Project object */ = {
			isa = PBXProject;
			attributes = {
				BuildIndependentTargetsInParallel = 1;
				LastSwiftUpdateCheck = 1520;
				LastUpgradeCheck = 1520;
				TargetAttributes = {
					08B1628D2B8E853800EAC204 = {
						CreatedOnToolsVersion = 15.2;
					};
				};
			};
			buildConfigurationList = 08B162892B8E853800EAC204 /* Build configuration list for PBXProject "GridProducts" */;
			compatibilityVersion = "Xcode 14.0";
			developmentRegion = en;
			hasScannedForEncodings = 0;
			knownRegions = (
				en,
				Base,
			);
			mainGroup = 08B162852B8E853800EAC204;
			productRefGroup = 08B1628F2B8E853800EAC204 /* Products */;
			projectDirPath = "";
			projectRoot = "";
			targets = (
				08B1628D2B8E853800EAC204 /* GridProducts */,
			);
		};
/* End PBXProject section */

/* Begin PBXResourcesBuildPhase section */
		08B1628C2B8E853800EAC204 /* Resources */ = {
			isa = PBXResourcesBuildPhase;
			buildActionMask = 2147483647;
			files = (
				08B162992B8E854000EAC204 /* Preview Assets.xcassets in Resources */,
				08B162962B8E854000EAC204 /* Assets.xcassets in Resources */,
			);
			runOnlyForDeploymentPostprocessing = 0;
		};
/* End PBXResourcesBuildPhase section */

/* Begin PBXSourcesBuildPhase section */
		08B1628A2B8E853800EAC204 /* Sources */ = {
			isa = PBXSourcesBuildPhase;
			buildActionMask = 2147483647;
			files = (
				08BEEE542B91746C00176A31 /* CartView.swift in Sources */,
				08B162942B8E853800EAC204 /* ProductView.swift in Sources */,
				0845C7482B8FF29E004290A6 /* ProductModel.swift in Sources */,
				0845C74B2B9021CA004290A6 /* ProductViewModel.swift in Sources */,
				087F71FF2B91EE01008F671F /* ProductCellView.swift in Sources */,
				087F72012B91F748008F671F /* AddToCartButtonView.swift in Sources */,
				08B162922B8E853800EAC204 /* GridProductsApp.swift in Sources */,
			);
			runOnlyForDeploymentPostprocessing = 0;
		};
/* End PBXSourcesBuildPhase section */

/* Begin XCBuildConfiguration section */
		08B1629A2B8E854000EAC204 /* Debug */ = {
			isa = XCBuildConfiguration;
			buildSettings = {
				ALWAYS_SEARCH_USER_PATHS = NO;
				ASSETCATALOG_COMPILER_GENERATE_SWIFT_ASSET_SYMBOL_EXTENSIONS = YES;
				CLANG_ANALYZER_NONNULL = YES;
				CLANG_ANALYZER_NUMBER_OBJECT_CONVERSION = YES_AGGRESSIVE;
				CLANG_CXX_LANGUAGE_STANDARD = "gnu++20";
				CLANG_ENABLE_MODULES = YES;
				CLANG_ENABLE_OBJC_ARC = YES;
				CLANG_ENABLE_OBJC_WEAK = YES;
				CLANG_WARN_BLOCK_CAPTURE_AUTORELEASING = YES;
				CLANG_WARN_BOOL_CONVERSION = YES;
				CLANG_WARN_COMMA = YES;
				CLANG_WARN_CONSTANT_CONVERSION = YES;
				CLANG_WARN_DEPRECATED_OBJC_IMPLEMENTATIONS = YES;
				CLANG_WARN_DIRECT_OBJC_ISA_USAGE = YES_ERROR;
				CLANG_WARN_DOCUMENTATION_COMMENTS = YES;
				CLANG_WARN_EMPTY_BODY = YES;
				CLANG_WARN_ENUM_CONVERSION = YES;
				CLANG_WARN_INFINITE_RECURSION = YES;
				CLANG_WARN_INT_CONVERSION = YES;
				CLANG_WARN_NON_LITERAL_NULL_CONVERSION = YES;
				CLANG_WARN_OBJC_IMPLICIT_RETAIN_SELF = YES;
				CLANG_WARN_OBJC_LITERAL_CONVERSION = YES;
				CLANG_WARN_OBJC_ROOT_CLASS = YES_ERROR;
				CLANG_WARN_QUOTED_INCLUDE_IN_FRAMEWORK_HEADER = YES;
				CLANG_WARN_RANGE_LOOP_ANALYSIS = YES;
				CLANG_WARN_STRICT_PROTOTYPES = YES;
				CLANG_WARN_SUSPICIOUS_MOVE = YES;
				CLANG_WARN_UNGUARDED_AVAILABILITY = YES_AGGRESSIVE;
				CLANG_WARN_UNREACHABLE_CODE = YES;
				CLANG_WARN__DUPLICATE_METHOD_MATCH = YES;
				COPY_PHASE_STRIP = NO;
				DEBUG_INFORMATION_FORMAT = dwarf;
				ENABLE_STRICT_OBJC_MSGSEND = YES;
				ENABLE_TESTABILITY = YES;
				ENABLE_USER_SCRIPT_SANDBOXING = YES;
				GCC_C_LANGUAGE_STANDARD = gnu17;
				GCC_DYNAMIC_NO_PIC = NO;
				GCC_NO_COMMON_BLOCKS = YES;
				GCC_OPTIMIZATION_LEVEL = 0;
				GCC_PREPROCESSOR_DEFINITIONS = (
					"DEBUG=1",
					"$(inherited)",
				);
				GCC_WARN_64_TO_32_BIT_CONVERSION = YES;
				GCC_WARN_ABOUT_RETURN_TYPE = YES_ERROR;
				GCC_WARN_UNDECLARED_SELECTOR = YES;
				GCC_WARN_UNINITIALIZED_AUTOS = YES_AGGRESSIVE;
				GCC_WARN_UNUSED_FUNCTION = YES;
				GCC_WARN_UNUSED_VARIABLE = YES;
				IPHONEOS_DEPLOYMENT_TARGET = 17.2;
				LOCALIZATION_PREFERS_STRING_CATALOGS = YES;
				MTL_ENABLE_DEBUG_INFO = INCLUDE_SOURCE;
				MTL_FAST_MATH = YES;
				ONLY_ACTIVE_ARCH = YES;
				SDKROOT = iphoneos;
				SWIFT_ACTIVE_COMPILATION_CONDITIONS = "DEBUG $(inherited)";
				SWIFT_OPTIMIZATION_LEVEL = "-Onone";
			};
			name = Debug;
		};
		08B1629B2B8E854000EAC204 /* Release */ = {
			isa = XCBuildConfiguration;
			buildSettings = {
				ALWAYS_SEARCH_USER_PATHS = NO;
				ASSETCATALOG_COMPILER_GENERATE_SWIFT_ASSET_SYMBOL_EXTENSIONS = YES;
				CLANG_ANALYZER_NONNULL = YES;
				CLANG_ANALYZER_NUMBER_OBJECT_CONVERSION = YES_AGGRESSIVE;
				CLANG_CXX_LANGUAGE_STANDARD = "gnu++20";
				CLANG_ENABLE_MODULES = YES;
				CLANG_ENABLE_OBJC_ARC = YES;
				CLANG_ENABLE_OBJC_WEAK = YES;
				CLANG_WARN_BLOCK_CAPTURE_AUTORELEASING = YES;
				CLANG_WARN_BOOL_CONVERSION = YES;
				CLANG_WARN_COMMA = YES;
				CLANG_WARN_CONSTANT_CONVERSION = YES;
				CLANG_WARN_DEPRECATED_OBJC_IMPLEMENTATIONS = YES;
				CLANG_WARN_DIRECT_OBJC_ISA_USAGE = YES_ERROR;
				CLANG_WARN_DOCUMENTATION_COMMENTS = YES;
				CLANG_WARN_EMPTY_BODY = YES;
				CLANG_WARN_ENUM_CONVERSION = YES;
				CLANG_WARN_INFINITE_RECURSION = YES;
				CLANG_WARN_INT_CONVERSION = YES;
				CLANG_WARN_NON_LITERAL_NULL_CONVERSION = YES;
				CLANG_WARN_OBJC_IMPLICIT_RETAIN_SELF = YES;
				CLANG_WARN_OBJC_LITERAL_CONVERSION = YES;
				CLANG_WARN_OBJC_ROOT_CLASS = YES_ERROR;
				CLANG_WARN_QUOTED_INCLUDE_IN_FRAMEWORK_HEADER = YES;
				CLANG_WARN_RANGE_LOOP_ANALYSIS = YES;
				CLANG_WARN_STRICT_PROTOTYPES = YES;
				CLANG_WARN_SUSPICIOUS_MOVE = YES;
				CLANG_WARN_UNGUARDED_AVAILABILITY = YES_AGGRESSIVE;
				CLANG_WARN_UNREACHABLE_CODE = YES;
				CLANG_WARN__DUPLICATE_METHOD_MATCH = YES;
				COPY_PHASE_STRIP = NO;
				DEBUG_INFORMATION_FORMAT = "dwarf-with-dsym";
				ENABLE_NS_ASSERTIONS = NO;
				ENABLE_STRICT_OBJC_MSGSEND = YES;
				ENABLE_USER_SCRIPT_SANDBOXING = YES;
				GCC_C_LANGUAGE_STANDARD = gnu17;
				GCC_NO_COMMON_BLOCKS = YES;
				GCC_WARN_64_TO_32_BIT_CONVERSION = YES;
				GCC_WARN_ABOUT_RETURN_TYPE = YES_ERROR;
				GCC_WARN_UNDECLARED_SELECTOR = YES;
				GCC_WARN_UNINITIALIZED_AUTOS = YES_AGGRESSIVE;
				GCC_WARN_UNUSED_FUNCTION = YES;
				GCC_WARN_UNUSED_VARIABLE = YES;
				IPHONEOS_DEPLOYMENT_TARGET = 17.2;
				LOCALIZATION_PREFERS_STRING_CATALOGS = YES;
				MTL_ENABLE_DEBUG_INFO = NO;
				MTL_FAST_MATH = YES;
				SDKROOT = iphoneos;
				SWIFT_COMPILATION_MODE = wholemodule;
				VALIDATE_PRODUCT = YES;
			};
			name = Release;
		};
		08B1629D2B8E854000EAC204 /* Debug */ = {
			isa = XCBuildConfiguration;
			buildSettings = {
				ASSETCATALOG_COMPILER_APPICON_NAME = AppIcon;
				ASSETCATALOG_COMPILER_GLOBAL_ACCENT_COLOR_NAME = AccentColor;
				CODE_SIGN_STYLE = Automatic;
				CURRENT_PROJECT_VERSION = 1;
				DEVELOPMENT_ASSET_PATHS = "\"GridProducts/Preview Content\"";
				ENABLE_PREVIEWS = YES;
				GENERATE_INFOPLIST_FILE = YES;
				INFOPLIST_KEY_UIApplicationSceneManifest_Generation = YES;
				INFOPLIST_KEY_UIApplicationSupportsIndirectInputEvents = YES;
				INFOPLIST_KEY_UILaunchScreen_Generation = YES;
				INFOPLIST_KEY_UISupportedInterfaceOrientations_iPad = "UIInterfaceOrientationPortrait UIInterfaceOrientationPortraitUpsideDown UIInterfaceOrientationLandscapeLeft UIInterfaceOrientationLandscapeRight";
				INFOPLIST_KEY_UISupportedInterfaceOrientations_iPhone = "UIInterfaceOrientationPortrait UIInterfaceOrientationLandscapeLeft UIInterfaceOrientationLandscapeRight";
				LD_RUNPATH_SEARCH_PATHS = (
					"$(inherited)",
					"@executable_path/Frameworks",
				);
				MARKETING_VERSION = 1.0;
				PRODUCT_BUNDLE_IDENTIFIER = com.eliofernandez.GridProducts;
				PRODUCT_NAME = "$(TARGET_NAME)";
				SWIFT_EMIT_LOC_STRINGS = YES;
				SWIFT_VERSION = 5.0;
				TARGETED_DEVICE_FAMILY = "1,2";
			};
			name = Debug;
		};
		08B1629E2B8E854000EAC204 /* Release */ = {
			isa = XCBuildConfiguration;
			buildSettings = {
				ASSETCATALOG_COMPILER_APPICON_NAME = AppIcon;
				ASSETCATALOG_COMPILER_GLOBAL_ACCENT_COLOR_NAME = AccentColor;
				CODE_SIGN_STYLE = Automatic;
				CURRENT_PROJECT_VERSION = 1;
				DEVELOPMENT_ASSET_PATHS = "\"GridProducts/Preview Content\"";
				ENABLE_PREVIEWS = YES;
				GENERATE_INFOPLIST_FILE = YES;
				INFOPLIST_KEY_UIApplicationSceneManifest_Generation = YES;
				INFOPLIST_KEY_UIApplicationSupportsIndirectInputEvents = YES;
				INFOPLIST_KEY_UILaunchScreen_Generation = YES;
				INFOPLIST_KEY_UISupportedInterfaceOrientations_iPad = "UIInterfaceOrientationPortrait UIInterfaceOrientationPortraitUpsideDown UIInterfaceOrientationLandscapeLeft UIInterfaceOrientationLandscapeRight";
				INFOPLIST_KEY_UISupportedInterfaceOrientations_iPhone = "UIInterfaceOrientationPortrait UIInterfaceOrientationLandscapeLeft UIInterfaceOrientationLandscapeRight";
				LD_RUNPATH_SEARCH_PATHS = (
					"$(inherited)",
					"@executable_path/Frameworks",
				);
				MARKETING_VERSION = 1.0;
				PRODUCT_BUNDLE_IDENTIFIER = com.eliofernandez.GridProducts;
				PRODUCT_NAME = "$(TARGET_NAME)";
				SWIFT_EMIT_LOC_STRINGS = YES;
				SWIFT_VERSION = 5.0;
				TARGETED_DEVICE_FAMILY = "1,2";
			};
			name = Release;
		};
/* End XCBuildConfiguration section */

/* Begin XCConfigurationList section */
		08B162892B8E853800EAC204 /* Build configuration list for PBXProject "GridProducts" */ = {
			isa = XCConfigurationList;
			buildConfigurations = (
				08B1629A2B8E854000EAC204 /* Debug */,
				08B1629B2B8E854000EAC204 /* Release */,
			);
			defaultConfigurationIsVisible = 0;
			defaultConfigurationName = Release;
		};
		08B1629C2B8E854000EAC204 /* Build configuration list for PBXNativeTarget "GridProducts" */ = {
			isa = XCConfigurationList;
			buildConfigurations = (
				08B1629D2B8E854000EAC204 /* Debug */,
				08B1629E2B8E854000EAC204 /* Release */,
			);
			defaultConfigurationIsVisible = 0;
			defaultConfigurationName = Release;
		};
/* End XCConfigurationList section */
	};
	rootObject = 08B162862B8E853800EAC204 /* Project object */;
}
